
Microsoft Visual Studio Solution File, Format Version 12.00
# Visual Studio Version 17
VisualStudioVersion = 17.8.34511.84
MinimumVisualStudioVersion = 10.0.40219.1
Project("{FAE04EC0-301F-11D3-BF4B-00C04F79EFBC}") = "Social media", "Social media\Social media.csproj", "{D61DDC85-C72F-4069-BF11-DC321484AE41}"
EndProject
Global
	GlobalSection(SolutionConfigurationPlatforms) = preSolution
		Debug|Any CPU = Debug|Any CPU
		Release|Any CPU = Release|Any CPU
	EndGlobalSection
	GlobalSection(ProjectConfigurationPlatforms) = postSolution
		{D61DDC85-C72F-4069-BF11-DC321484AE41}.Debug|Any CPU.ActiveCfg = Debug|Any CPU
		{D61DDC85-C72F-4069-BF11-DC321484AE41}.Debug|Any CPU.Build.0 = Debug|Any CPU
		{D61DDC85-C72F-4069-BF11-DC321484AE41}.Release|Any CPU.ActiveCfg = Release|Any CPU
		{D61DDC85-C72F-4069-BF11-DC321484AE41}.Release|Any CPU.Build.0 = Release|Any CPU
	EndGlobalSection
	GlobalSection(SolutionProperties) = preSolution
		HideSolutionNode = FALSE
	EndGlobalSection
	GlobalSection(ExtensibilityGlobals) = postSolution
		SolutionGuid = {4F39BB3E-146C-4D09-8EE7-4B028A6BBE26}
	EndGlobalSection
EndGlobal
